
Microsoft Visual Studio Solution File, Format Version 12.00
# Visual Studio Version 16
VisualStudioVersion = 16.0.30204.135
MinimumVisualStudioVersion = 10.0.40219.1
Project("{9A19103F-16F7-4668-BE54-9A1E7A4F7556}") = "FARegistryWEB", "FARegistryWEB\FARegistryWEB.csproj", "{5D83668F-2C70-4CA5-A844-98921F120BC3}"
EndProject
Global
	GlobalSection(SolutionConfigurationPlatforms) = preSolution
		Debug|Any CPU = Debug|Any CPU
		Release|Any CPU = Release|Any CPU
	EndGlobalSection
	GlobalSection(ProjectConfigurationPlatforms) = postSolution
		{5D83668F-2C70-4CA5-A844-98921F120BC3}.Debug|Any CPU.ActiveCfg = Debug|Any CPU
		{5D83668F-2C70-4CA5-A844-98921F120BC3}.Debug|Any CPU.Build.0 = Debug|Any CPU
		{5D83668F-2C70-4CA5-A844-98921F120BC3}.Release|Any CPU.ActiveCfg = Release|Any CPU
		{5D83668F-2C70-4CA5-A844-98921F120BC3}.Release|Any CPU.Build.0 = Release|Any CPU
	EndGlobalSection
	GlobalSection(SolutionProperties) = preSolution
		HideSolutionNode = FALSE
	EndGlobalSection
	GlobalSection(ExtensibilityGlobals) = postSolution
		SolutionGuid = {F90C2F58-BF42-444B-B222-E8AC804F9E7E}
	EndGlobalSection
EndGlobal
